// !$*UTF8*$!
{
	archiveVersion = 1;
	classes = {
	};
	objectVersion = 46;
	objects = {

/* Begin PBXBuildFile section */
		4D5B8DE31D27EFFD00CB3E98 /* AppDelegate.swift in Sources */ = {isa = PBXBuildFile; fileRef = 4D5B8DE21D27EFFD00CB3E98 /* AppDelegate.swift */; };
		4D5B8DE51D27EFFD00CB3E98 /* ViewController.swift in Sources */ = {isa = PBXBuildFile; fileRef = 4D5B8DE41D27EFFD00CB3E98 /* ViewController.swift */; };
		4D5B8DE81D27EFFD00CB3E98 /* Main.storyboard in Resources */ = {isa = PBXBuildFile; fileRef = 4D5B8DE61D27EFFD00CB3E98 /* Main.storyboard */; };
		4D5B8DEA1D27EFFD00CB3E98 /* Assets.xcassets in Resources */ = {isa = PBXBuildFile; fileRef = 4D5B8DE91D27EFFD00CB3E98 /* Assets.xcassets */; };
		4D5B8DED1D27EFFD00CB3E98 /* LaunchScreen.storyboard in Resources */ = {isa = PBXBuildFile; fileRef = 4D5B8DEB1D27EFFD00CB3E98 /* LaunchScreen.storyboard */; };
		4D5B8DF51D27FD1200CB3E98 /* AgeVerificationModel.swift in Sources */ = {isa = PBXBuildFile; fileRef = 4D5B8DF41D27FD1200CB3E98 /* AgeVerificationModel.swift */; };
		4D5B8DF71D27FD2800CB3E98 /* AgeVerificationViewController.swift in Sources */ = {isa = PBXBuildFile; fileRef = 4D5B8DF61D27FD2800CB3E98 /* AgeVerificationViewController.swift */; };
		4D5B8DF91D28098000CB3E98 /* BillSplitterModel.swift in Sources */ = {isa = PBXBuildFile; fileRef = 4D5B8DF81D28098000CB3E98 /* BillSplitterModel.swift */; };
		4D5B8DFB1D28099600CB3E98 /* BillSplitterViewController.swift in Sources */ = {isa = PBXBuildFile; fileRef = 4D5B8DFA1D28099600CB3E98 /* BillSplitterViewController.swift */; };
		4D5B8DFD1D2809AB00CB3E98 /* GuessNumberModel.swift in Sources */ = {isa = PBXBuildFile; fileRef = 4D5B8DFC1D2809AB00CB3E98 /* GuessNumberModel.swift */; };
		4D5B8DFF1D2809BA00CB3E98 /* GuessNumberViewController.swift in Sources */ = {isa = PBXBuildFile; fileRef = 4D5B8DFE1D2809BA00CB3E98 /* GuessNumberViewController.swift */; };
/* End PBXBuildFile section */

/* Begin PBXFileReference section */
		4D5B8DDF1D27EFFD00CB3E98 /* assignment_two.app */ = {isa = PBXFileReference; explicitFileType = wrapper.application; includeInIndex = 0; path = assignment_two.app; sourceTree = BUILT_PRODUCTS_DIR; };
		4D5B8DE21D27EFFD00CB3E98 /* AppDelegate.swift */ = {isa = PBXFileReference; lastKnownFileType = sourcecode.swift; path = AppDelegate.swift; sourceTree = "<group>"; };
		4D5B8DE41D27EFFD00CB3E98 /* ViewController.swift */ = {isa = PBXFileReference; lastKnownFileType = sourcecode.swift; path = ViewController.swift; sourceTree = "<group>"; };
		4D5B8DE71D27EFFD00CB3E98 /* Base */ = {isa = PBXFileReference; lastKnownFileType = file.storyboard; name = Base; path = Base.lproj/Main.storyboard; sourceTree = "<group>"; };
		4D5B8DE91D27EFFD00CB3E98 /* Assets.xcassets */ = {isa = PBXFileReference; lastKnownFileType = folder.assetcatalog; path = Assets.xcassets; sourceTree = "<group>"; };
		4D5B8DEC1D27EFFD00CB3E98 /* Base */ = {isa = PBXFileReference; lastKnownFileType = file.storyboard; name = Base; path = Base.lproj/LaunchScreen.storyboard; sourceTree = "<group>"; };
		4D5B8DEE1D27EFFD00CB3E98 /* Info.plist */ = {isa = PBXFileReference; lastKnownFileType = text.plist.xml; path = Info.plist; sourceTree = "<group>"; };
		4D5B8DF41D27FD1200CB3E98 /* AgeVerificationModel.swift */ = {isa = PBXFileReference; fileEncoding = 4; lastKnownFileType = sourcecode.swift; path = AgeVerificationModel.swift; sourceTree = "<group>"; };
		4D5B8DF61D27FD2800CB3E98 /* AgeVerificationViewController.swift */ = {isa = PBXFileReference; fileEncoding = 4; lastKnownFileType = sourcecode.swift; path = AgeVerificationViewController.swift; sourceTree = "<group>"; };
		4D5B8DF81D28098000CB3E98 /* BillSplitterModel.swift */ = {isa = PBXFileReference; fileEncoding = 4; lastKnownFileType = sourcecode.swift; path = BillSplitterModel.swift; sourceTree = "<group>"; };
		4D5B8DFA1D28099600CB3E98 /* BillSplitterViewController.swift */ = {isa = PBXFileReference; fileEncoding = 4; lastKnownFileType = sourcecode.swift; path = BillSplitterViewController.swift; sourceTree = "<group>"; };
		4D5B8DFC1D2809AB00CB3E98 /* GuessNumberModel.swift */ = {isa = PBXFileReference; fileEncoding = 4; lastKnownFileType = sourcecode.swift; path = GuessNumberModel.swift; sourceTree = "<group>"; };
		4D5B8DFE1D2809BA00CB3E98 /* GuessNumberViewController.swift */ = {isa = PBXFileReference; fileEncoding = 4; lastKnownFileType = sourcecode.swift; path = GuessNumberViewController.swift; sourceTree = "<group>"; };
/* End PBXFileReference section */

/* Begin PBXFrameworksBuildPhase section */
		4D5B8DDC1D27EFFD00CB3E98 /* Frameworks */ = {
			isa = PBXFrameworksBuildPhase;
			buildActionMask = 2147483647;
			files = (
			);
			runOnlyForDeploymentPostprocessing = 0;
		};
/* End PBXFrameworksBuildPhase section */

/* Begin PBXGroup section */
		4D5B8DD61D27EFFD00CB3E98 = {
			isa = PBXGroup;
			children = (
				4D5B8DE11D27EFFD00CB3E98 /* assignment_two */,
				4D5B8DE01D27EFFD00CB3E98 /* Products */,
			);
			sourceTree = "<group>";
		};
		4D5B8DE01D27EFFD00CB3E98 /* Products */ = {
			isa = PBXGroup;
			children = (
				4D5B8DDF1D27EFFD00CB3E98 /* assignment_two.app */,
			);
			name = Products;
			sourceTree = "<group>";
		};
		4D5B8DE11D27EFFD00CB3E98 /* assignment_two */ = {
			isa = PBXGroup;
			children = (
				4D5B8DE21D27EFFD00CB3E98 /* AppDelegate.swift */,
				4D5B8E021D28661200CB3E98 /* Model */,
				4D5B8E031D28663500CB3E98 /* View */,
				4D5B8E001D2865C100CB3E98 /* Controller */,
				4D5B8DE91D27EFFD00CB3E98 /* Assets.xcassets */,
				4D5B8DEB1D27EFFD00CB3E98 /* LaunchScreen.storyboard */,
				4D5B8DEE1D27EFFD00CB3E98 /* Info.plist */,
			);
			path = assignment_two;
			sourceTree = "<group>";
		};
		4D5B8E001D2865C100CB3E98 /* Controller */ = {
			isa = PBXGroup;
			children = (
				4D5B8DE41D27EFFD00CB3E98 /* ViewController.swift */,
				4D5B8DF61D27FD2800CB3E98 /* AgeVerificationViewController.swift */,
				4D5B8DFA1D28099600CB3E98 /* BillSplitterViewController.swift */,
				4D5B8DFE1D2809BA00CB3E98 /* GuessNumberViewController.swift */,
			);
			name = Controller;
			sourceTree = "<group>";
		};
		4D5B8E021D28661200CB3E98 /* Model */ = {
			isa = PBXGroup;
			children = (
				4D5B8DF41D27FD1200CB3E98 /* AgeVerificationModel.swift */,
				4D5B8DF81D28098000CB3E98 /* BillSplitterModel.swift */,
				4D5B8DFC1D2809AB00CB3E98 /* GuessNumberModel.swift */,
			);
			name = Model;
			sourceTree = "<group>";
		};
		4D5B8E031D28663500CB3E98 /* View */ = {
			isa = PBXGroup;
			children = (
				4D5B8DE61D27EFFD00CB3E98 /* Main.storyboard */,
			);
			name = View;
			sourceTree = "<group>";
		};
/* End PBXGroup section */

/* Begin PBXNativeTarget section */
		4D5B8DDE1D27EFFD00CB3E98 /* assignment_two */ = {
			isa = PBXNativeTarget;
			buildConfigurationList = 4D5B8DF11D27EFFD00CB3E98 /* Build configuration list for PBXNativeTarget "assignment_two" */;
			buildPhases = (
				4D5B8DDB1D27EFFD00CB3E98 /* Sources */,
				4D5B8DDC1D27EFFD00CB3E98 /* Frameworks */,
				4D5B8DDD1D27EFFD00CB3E98 /* Resources */,
			);
			buildRules = (
			);
			dependencies = (
			);
			name = assignment_two;
			productName = assignment_two;
			productReference = 4D5B8DDF1D27EFFD00CB3E98 /* assignment_two.app */;
			productType = "com.apple.product-type.application";
		};
/* End PBXNativeTarget section */

/* Begin PBXProject section */
		4D5B8DD71D27EFFD00CB3E98 /* Project object */ = {
			isa = PBXProject;
			attributes = {
				LastSwiftUpdateCheck = 0730;
				LastUpgradeCheck = 0730;
				ORGANIZATIONNAME = "Shena Yoshida";
				TargetAttributes = {
					4D5B8DDE1D27EFFD00CB3E98 = {
						CreatedOnToolsVersion = 7.3.1;
					};
				};
			};
			buildConfigurationList = 4D5B8DDA1D27EFFD00CB3E98 /* Build configuration list for PBXProject "assignment_two" */;
			compatibilityVersion = "Xcode 3.2";
			developmentRegion = English;
			hasScannedForEncodings = 0;
			knownRegions = (
				en,
				Base,
			);
			mainGroup = 4D5B8DD61D27EFFD00CB3E98;
			productRefGroup = 4D5B8DE01D27EFFD00CB3E98 /* Products */;
			projectDirPath = "";
			projectRoot = "";
			targets = (
				4D5B8DDE1D27EFFD00CB3E98 /* assignment_two */,
			);
		};
/* End PBXProject section */

/* Begin PBXResourcesBuildPhase section */
		4D5B8DDD1D27EFFD00CB3E98 /* Resources */ = {
			isa = PBXResourcesBuildPhase;
			buildActionMask = 2147483647;
			files = (
				4D5B8DED1D27EFFD00CB3E98 /* LaunchScreen.storyboard in Resources */,
				4D5B8DEA1D27EFFD00CB3E98 /* Assets.xcassets in Resources */,
				4D5B8DE81D27EFFD00CB3E98 /* Main.storyboard in Resources */,
			);
			runOnlyForDeploymentPostprocessing = 0;
		};
/* End PBXResourcesBuildPhase section */

/* Begin PBXSourcesBuildPhase section */
		4D5B8DDB1D27EFFD00CB3E98 /* Sources */ = {
			isa = PBXSourcesBuildPhase;
			buildActionMask = 2147483647;
			files = (
				4D5B8DE51D27EFFD00CB3E98 /* ViewController.swift in Sources */,
				4D5B8DFF1D2809BA00CB3E98 /* GuessNumberViewController.swift in Sources */,
				4D5B8DF91D28098000CB3E98 /* BillSplitterModel.swift in Sources */,
				4D5B8DFB1D28099600CB3E98 /* BillSplitterViewController.swift in Sources */,
				4D5B8DF71D27FD2800CB3E98 /* AgeVerificationViewController.swift in Sources */,
				4D5B8DE31D27EFFD00CB3E98 /* AppDelegate.swift in Sources */,
				4D5B8DFD1D2809AB00CB3E98 /* GuessNumberModel.swift in Sources */,
				4D5B8DF51D27FD1200CB3E98 /* AgeVerificationModel.swift in Sources */,
			);
			runOnlyForDeploymentPostprocessing = 0;
		};
/* End PBXSourcesBuildPhase section */

/* Begin PBXVariantGroup section */
		4D5B8DE61D27EFFD00CB3E98 /* Main.storyboard */ = {
			isa = PBXVariantGroup;
			children = (
				4D5B8DE71D27EFFD00CB3E98 /* Base */,
			);
			name = Main.storyboard;
			sourceTree = "<group>";
		};
		4D5B8DEB1D27EFFD00CB3E98 /* LaunchScreen.storyboard */ = {
			isa = PBXVariantGroup;
			children = (
				4D5B8DEC1D27EFFD00CB3E98 /* Base */,
			);
			name = LaunchScreen.storyboard;
			sourceTree = "<group>";
		};
/* End PBXVariantGroup section */

/* Begin XCBuildConfiguration section */
		4D5B8DEF1D27EFFD00CB3E98 /* Debug */ = {
			isa = XCBuildConfiguration;
			buildSettings = {
				ALWAYS_SEARCH_USER_PATHS = NO;
				CLANG_ANALYZER_NONNULL = YES;
				CLANG_CXX_LANGUAGE_STANDARD = "gnu++0x";
				CLANG_CXX_LIBRARY = "libc++";
				CLANG_ENABLE_MODULES = YES;
				CLANG_ENABLE_OBJC_ARC = YES;
				CLANG_WARN_BOOL_CONVERSION = YES;
				CLANG_WARN_CONSTANT_CONVERSION = YES;
				CLANG_WARN_DIRECT_OBJC_ISA_USAGE = YES_ERROR;
				CLANG_WARN_EMPTY_BODY = YES;
				CLANG_WARN_ENUM_CONVERSION = YES;
				CLANG_WARN_INT_CONVERSION = YES;
				CLANG_WARN_OBJC_ROOT_CLASS = YES_ERROR;
				CLANG_WARN_UNREACHABLE_CODE = YES;
				CLANG_WARN__DUPLICATE_METHOD_MATCH = YES;
				"CODE_SIGN_IDENTITY[sdk=iphoneos*]" = "iPhone Developer";
				COPY_PHASE_STRIP = NO;
				DEBUG_INFORMATION_FORMAT = dwarf;
				ENABLE_STRICT_OBJC_MSGSEND = YES;
				ENABLE_TESTABILITY = YES;
				GCC_C_LANGUAGE_STANDARD = gnu99;
				GCC_DYNAMIC_NO_PIC = NO;
				GCC_NO_COMMON_BLOCKS = YES;
				GCC_OPTIMIZATION_LEVEL = 0;
				GCC_PREPROCESSOR_DEFINITIONS = (
					"DEBUG=1",
					"$(inherited)",
				);
				GCC_WARN_64_TO_32_BIT_CONVERSION = YES;
				GCC_WARN_ABOUT_RETURN_TYPE = YES_ERROR;
				GCC_WARN_UNDECLARED_SELECTOR = YES;
				GCC_WARN_UNINITIALIZED_AUTOS = YES_AGGRESSIVE;
				GCC_WARN_UNUSED_FUNCTION = YES;
				GCC_WARN_UNUSED_VARIABLE = YES;
				IPHONEOS_DEPLOYMENT_TARGET = 9.3;
				MTL_ENABLE_DEBUG_INFO = YES;
				ONLY_ACTIVE_ARCH = YES;
				SDKROOT = iphoneos;
				SWIFT_OPTIMIZATION_LEVEL = "-Onone";
			};
			name = Debug;
		};
		4D5B8DF01D27EFFD00CB3E98 /* Release */ = {
			isa = XCBuildConfiguration;
			buildSettings = {
				ALWAYS_SEARCH_USER_PATHS = NO;
				CLANG_ANALYZER_NONNULL = YES;
				CLANG_CXX_LANGUAGE_STANDARD = "gnu++0x";
				CLANG_CXX_LIBRARY = "libc++";
				CLANG_ENABLE_MODULES = YES;
				CLANG_ENABLE_OBJC_ARC = YES;
				CLANG_WARN_BOOL_CONVERSION = YES;
				CLANG_WARN_CONSTANT_CONVERSION = YES;
				CLANG_WARN_DIRECT_OBJC_ISA_USAGE = YES_ERROR;
				CLANG_WARN_EMPTY_BODY = YES;
				CLANG_WARN_ENUM_CONVERSION = YES;
				CLANG_WARN_INT_CONVERSION = YES;
				CLANG_WARN_OBJC_ROOT_CLASS = YES_ERROR;
				CLANG_WARN_UNREACHABLE_CODE = YES;
				CLANG_WARN__DUPLICATE_METHOD_MATCH = YES;
				"CODE_SIGN_IDENTITY[sdk=iphoneos*]" = "iPhone Developer";
				COPY_PHASE_STRIP = NO;
				DEBUG_INFORMATION_FORMAT = "dwarf-with-dsym";
				ENABLE_NS_ASSERTIONS = NO;
				ENABLE_STRICT_OBJC_MSGSEND = YES;
				GCC_C_LANGUAGE_STANDARD = gnu99;
				GCC_NO_COMMON_BLOCKS = YES;
				GCC_WARN_64_TO_32_BIT_CONVERSION = YES;
				GCC_WARN_ABOUT_RETURN_TYPE = YES_ERROR;
				GCC_WARN_UNDECLARED_SELECTOR = YES;
				GCC_WARN_UNINITIALIZED_AUTOS = YES_AGGRESSIVE;
				GCC_WARN_UNUSED_FUNCTION = YES;
				GCC_WARN_UNUSED_VARIABLE = YES;
				IPHONEOS_DEPLOYMENT_TARGET = 9.3;
				MTL_ENABLE_DEBUG_INFO = NO;
				SDKROOT = iphoneos;
				VALIDATE_PRODUCT = YES;
			};
			name = Release;
		};
		4D5B8DF21D27EFFD00CB3E98 /* Debug */ = {
			isa = XCBuildConfiguration;
			buildSettings = {
				ASSETCATALOG_COMPILER_APPICON_NAME = AppIcon;
				INFOPLIST_FILE = assignment_two/Info.plist;
				LD_RUNPATH_SEARCH_PATHS = "$(inherited) @executable_path/Frameworks";
				PRODUCT_BUNDLE_IDENTIFIER = "com.shenayoshida.assignment-two";
				PRODUCT_NAME = "$(TARGET_NAME)";
			};
			name = Debug;
		};
		4D5B8DF31D27EFFD00CB3E98 /* Release */ = {
			isa = XCBuildConfiguration;
			buildSettings = {
				ASSETCATALOG_COMPILER_APPICON_NAME = AppIcon;
				INFOPLIST_FILE = assignment_two/Info.plist;
				LD_RUNPATH_SEARCH_PATHS = "$(inherited) @executable_path/Frameworks";
				PRODUCT_BUNDLE_IDENTIFIER = "com.shenayoshida.assignment-two";
				PRODUCT_NAME = "$(TARGET_NAME)";
			};
			name = Release;
		};
/* End XCBuildConfiguration section */

/* Begin XCConfigurationList section */
		4D5B8DDA1D27EFFD00CB3E98 /* Build configuration list for PBXProject "assignment_two" */ = {
			isa = XCConfigurationList;
			buildConfigurations = (
				4D5B8DEF1D27EFFD00CB3E98 /* Debug */,
				4D5B8DF01D27EFFD00CB3E98 /* Release */,
			);
			defaultConfigurationIsVisible = 0;
			defaultConfigurationName = Release;
		};
		4D5B8DF11D27EFFD00CB3E98 /* Build configuration list for PBXNativeTarget "assignment_two" */ = {
			isa = XCConfigurationList;
			buildConfigurations = (
				4D5B8DF21D27EFFD00CB3E98 /* Debug */,
				4D5B8DF31D27EFFD00CB3E98 /* Release */,
			);
			defaultConfigurationIsVisible = 0;
		};
/* End XCConfigurationList section */
	};
	rootObject = 4D5B8DD71D27EFFD00CB3E98 /* Project object */;
}
